
Microsoft Visual Studio Solution File, Format Version 12.00
# Visual Studio 15
VisualStudioVersion = 15.0.28010.2003
MinimumVisualStudioVersion = 10.0.40219.1
Project("{FAE04EC0-301F-11D3-BF4B-00C04F79EFBC}") = "Entidades", "Entidades\Entidades.csproj", "{7D21B670-7326-476C-B858-7C55DB0C37CE}"
EndProject
Project("{FAE04EC0-301F-11D3-BF4B-00C04F79EFBC}") = "MiCalculadora", "MiCalculadora\MiCalculadora.csproj", "{832EAE7F-5886-4B8F-8326-AC8086510855}"
EndProject
Global
	GlobalSection(SolutionConfigurationPlatforms) = preSolution
		Debug|Any CPU = Debug|Any CPU
		Release|Any CPU = Release|Any CPU
	EndGlobalSection
	GlobalSection(ProjectConfigurationPlatforms) = postSolution
		{7D21B670-7326-476C-B858-7C55DB0C37CE}.Debug|Any CPU.ActiveCfg = Debug|Any CPU
		{7D21B670-7326-476C-B858-7C55DB0C37CE}.Debug|Any CPU.Build.0 = Debug|Any CPU
		{7D21B670-7326-476C-B858-7C55DB0C37CE}.Release|Any CPU.ActiveCfg = Release|Any CPU
		{7D21B670-7326-476C-B858-7C55DB0C37CE}.Release|Any CPU.Build.0 = Release|Any CPU
		{832EAE7F-5886-4B8F-8326-AC8086510855}.Debug|Any CPU.ActiveCfg = Debug|Any CPU
		{832EAE7F-5886-4B8F-8326-AC8086510855}.Debug|Any CPU.Build.0 = Debug|Any CPU
		{832EAE7F-5886-4B8F-8326-AC8086510855}.Release|Any CPU.ActiveCfg = Release|Any CPU
		{832EAE7F-5886-4B8F-8326-AC8086510855}.Release|Any CPU.Build.0 = Release|Any CPU
	EndGlobalSection
	GlobalSection(SolutionProperties) = preSolution
		HideSolutionNode = FALSE
	EndGlobalSection
	GlobalSection(ExtensibilityGlobals) = postSolution
		SolutionGuid = {D2DC29DF-DC24-4AAB-A924-7F7BB5BEF6CC}
	EndGlobalSection
EndGlobal
